
Microsoft Visual Studio Solution File, Format Version 12.00
# Visual Studio Version 17
VisualStudioVersion = 17.4.33213.308
MinimumVisualStudioVersion = 10.0.40219.1
Project("{9A19103F-16F7-4668-BE54-9A1E7A4F7556}") = "OauthServer", "OauthServer.csproj", "{A8374780-FD95-4F7D-8F64-0B0D7EA6B552}"
EndProject
Project("{9A19103F-16F7-4668-BE54-9A1E7A4F7556}") = "ClientAppOne", "..\ClientAppOne\ClientAppOne.csproj", "{D73CB945-C061-46E0-AB16-FD2C583D4CBB}"
EndProject
Project("{FAE04EC0-301F-11D3-BF4B-00C04F79EFBC}") = "ClientTwoApp", "..\ClientTwoApp\ClientTwoApp.csproj", "{F6C05E4A-D995-4794-A66E-179ED57F6503}"
EndProject
Global
	GlobalSection(SolutionConfigurationPlatforms) = preSolution
		Debug|Any CPU = Debug|Any CPU
		Release|Any CPU = Release|Any CPU
	EndGlobalSection
	GlobalSection(ProjectConfigurationPlatforms) = postSolution
		{A8374780-FD95-4F7D-8F64-0B0D7EA6B552}.Debug|Any CPU.ActiveCfg = Debug|Any CPU
		{A8374780-FD95-4F7D-8F64-0B0D7EA6B552}.Debug|Any CPU.Build.0 = Debug|Any CPU
		{A8374780-FD95-4F7D-8F64-0B0D7EA6B552}.Release|Any CPU.ActiveCfg = Release|Any CPU
		{A8374780-FD95-4F7D-8F64-0B0D7EA6B552}.Release|Any CPU.Build.0 = Release|Any CPU
		{D73CB945-C061-46E0-AB16-FD2C583D4CBB}.Debug|Any CPU.ActiveCfg = Debug|Any CPU
		{D73CB945-C061-46E0-AB16-FD2C583D4CBB}.Debug|Any CPU.Build.0 = Debug|Any CPU
		{D73CB945-C061-46E0-AB16-FD2C583D4CBB}.Release|Any CPU.ActiveCfg = Release|Any CPU
		{D73CB945-C061-46E0-AB16-FD2C583D4CBB}.Release|Any CPU.Build.0 = Release|Any CPU
		{F6C05E4A-D995-4794-A66E-179ED57F6503}.Debug|Any CPU.ActiveCfg = Debug|Any CPU
		{F6C05E4A-D995-4794-A66E-179ED57F6503}.Debug|Any CPU.Build.0 = Debug|Any CPU
		{F6C05E4A-D995-4794-A66E-179ED57F6503}.Release|Any CPU.ActiveCfg = Release|Any CPU
		{F6C05E4A-D995-4794-A66E-179ED57F6503}.Release|Any CPU.Build.0 = Release|Any CPU
	EndGlobalSection
	GlobalSection(SolutionProperties) = preSolution
		HideSolutionNode = FALSE
	EndGlobalSection
	GlobalSection(ExtensibilityGlobals) = postSolution
		SolutionGuid = {8365C2CD-C410-4500-A9E6-5C5A2A92E25B}
	EndGlobalSection
EndGlobal
